
Microsoft Visual Studio Solution File, Format Version 12.00
# Visual Studio Version 17
VisualStudioVersion = 17.10.34804.81
MinimumVisualStudioVersion = 10.0.40219.1
Project("{9A19103F-16F7-4668-BE54-9A1E7A4F7556}") = "TimeScaler", "TimeScaler\TimeScaler.csproj", "{659EB505-AFA8-4A9C-BDCD-39C754BAFB9F}"
EndProject
Project("{9A19103F-16F7-4668-BE54-9A1E7A4F7556}") = "GoodlifeShortcut", "GoodlifeShortcut\GoodlifeShortcut.csproj", "{5473DCDB-3CA8-4514-809D-6B7E2F04FBAE}"
EndProject
Project("{9A19103F-16F7-4668-BE54-9A1E7A4F7556}") = "ColorfulRouteDisplay", "ColorfulRouteDisplay\ColorfulRouteDisplay.csproj", "{07E3CE1C-6F29-48E8-83BD-79AB66F8061E}"
EndProject
Project("{9A19103F-16F7-4668-BE54-9A1E7A4F7556}") = "VerticalLevel", "VerticalLevel\VerticalLevel.csproj", "{D890E9A0-272F-4E28-9A56-190AB3B54202}"
EndProject
Project("{FAE04EC0-301F-11D3-BF4B-00C04F79EFBC}") = "GiveMeAnUpgrade", "GiveMeAnUpgrade\GiveMeAnUpgrade.csproj", "{78668B98-E3EA-477B-9BD3-A9A84283EB0E}"
EndProject
Global
	GlobalSection(SolutionConfigurationPlatforms) = preSolution
		Debug|Any CPU = Debug|Any CPU
		Release|Any CPU = Release|Any CPU
	EndGlobalSection
	GlobalSection(ProjectConfigurationPlatforms) = postSolution
		{659EB505-AFA8-4A9C-BDCD-39C754BAFB9F}.Debug|Any CPU.ActiveCfg = Debug|Any CPU
		{659EB505-AFA8-4A9C-BDCD-39C754BAFB9F}.Debug|Any CPU.Build.0 = Debug|Any CPU
		{659EB505-AFA8-4A9C-BDCD-39C754BAFB9F}.Release|Any CPU.ActiveCfg = Release|Any CPU
		{659EB505-AFA8-4A9C-BDCD-39C754BAFB9F}.Release|Any CPU.Build.0 = Release|Any CPU
		{5473DCDB-3CA8-4514-809D-6B7E2F04FBAE}.Debug|Any CPU.ActiveCfg = Debug|Any CPU
		{5473DCDB-3CA8-4514-809D-6B7E2F04FBAE}.Debug|Any CPU.Build.0 = Debug|Any CPU
		{5473DCDB-3CA8-4514-809D-6B7E2F04FBAE}.Release|Any CPU.ActiveCfg = Release|Any CPU
		{5473DCDB-3CA8-4514-809D-6B7E2F04FBAE}.Release|Any CPU.Build.0 = Release|Any CPU
		{07E3CE1C-6F29-48E8-83BD-79AB66F8061E}.Debug|Any CPU.ActiveCfg = Debug|Any CPU
		{07E3CE1C-6F29-48E8-83BD-79AB66F8061E}.Debug|Any CPU.Build.0 = Debug|Any CPU
		{07E3CE1C-6F29-48E8-83BD-79AB66F8061E}.Release|Any CPU.ActiveCfg = Release|Any CPU
		{07E3CE1C-6F29-48E8-83BD-79AB66F8061E}.Release|Any CPU.Build.0 = Release|Any CPU
		{D890E9A0-272F-4E28-9A56-190AB3B54202}.Debug|Any CPU.ActiveCfg = Debug|Any CPU
		{D890E9A0-272F-4E28-9A56-190AB3B54202}.Debug|Any CPU.Build.0 = Debug|Any CPU
		{D890E9A0-272F-4E28-9A56-190AB3B54202}.Release|Any CPU.ActiveCfg = Release|Any CPU
		{D890E9A0-272F-4E28-9A56-190AB3B54202}.Release|Any CPU.Build.0 = Release|Any CPU
		{78668B98-E3EA-477B-9BD3-A9A84283EB0E}.Debug|Any CPU.ActiveCfg = Debug|Any CPU
		{78668B98-E3EA-477B-9BD3-A9A84283EB0E}.Debug|Any CPU.Build.0 = Debug|Any CPU
		{78668B98-E3EA-477B-9BD3-A9A84283EB0E}.Release|Any CPU.ActiveCfg = Release|Any CPU
		{78668B98-E3EA-477B-9BD3-A9A84283EB0E}.Release|Any CPU.Build.0 = Release|Any CPU
	EndGlobalSection
	GlobalSection(SolutionProperties) = preSolution
		HideSolutionNode = FALSE
	EndGlobalSection
	GlobalSection(ExtensibilityGlobals) = postSolution
		SolutionGuid = {D98F7792-9C27-41F4-9ED8-35A887C73CA3}
	EndGlobalSection
EndGlobal
